// !$*UTF8*$!
{
	archiveVersion = 1;
	classes = {
	};
	objectVersion = 77;
	objects = {

/* Begin PBXBuildFile section */
		00535095794914F1DE05923A /* FeedbackView.swift in Sources */ = {isa = PBXBuildFile; fileRef = 3729F9A3C5BF635C27E38EB1 /* FeedbackView.swift */; };
		073E1786575CC90B816128F7 /* LeaderboardView.swift in Sources */ = {isa = PBXBuildFile; fileRef = 6AC7C6A4BCCC7DB5EA3A2FDC /* LeaderboardView.swift */; };
		1210BED2FA82EFDD704B9B3F /* Telemetry.swift in Sources */ = {isa = PBXBuildFile; fileRef = 28B5BFD0B635B12A0E8D4FBC /* Telemetry.swift */; };
		125DC9139719C4CB8E45CE0A /* FeedbackTests.swift in Sources */ = {isa = PBXBuildFile; fileRef = 5DB2C9E562A51E177A5F5E58 /* FeedbackTests.swift */; };
		19F857283673B6F32580E101 /* GlassHelpers.swift in Sources */ = {isa = PBXBuildFile; fileRef = 39519372647DA3AAD6D6D3DC /* GlassHelpers.swift */; };
		1DF91BEEE29C8F8561882BF3 /* ButtonStyles.swift in Sources */ = {isa = PBXBuildFile; fileRef = 478B5F591DAF9298847AD96C /* ButtonStyles.swift */; };
		22BA20FB7CFE7A80FD2D39B5 /* GameAccent.swift in Sources */ = {isa = PBXBuildFile; fileRef = E09D9A175708CBA629D9B697 /* GameAccent.swift */; };
		24BA02D18FFF62F16FACC2A6 /* Feedback.swift in Sources */ = {isa = PBXBuildFile; fileRef = 869CB7754FD544C955C685EF /* Feedback.swift */; };
		272C76944CA31B9085571EED /* PilesView.swift in Sources */ = {isa = PBXBuildFile; fileRef = 299F58ECE893660C9BEABFEB /* PilesView.swift */; };
		2ABFA390D123F89E68E36C7A /* Appearance.swift in Sources */ = {isa = PBXBuildFile; fileRef = 96064612A09AED61D2C9827D /* Appearance.swift */; };
		2BAABEFD4BABA40A79640CD6 /* ScreenshotTests.swift in Sources */ = {isa = PBXBuildFile; fileRef = D5F124673A85426DAE3666DC /* ScreenshotTests.swift */; };
		34D5EEDF027658B338D7B528 /* TitleView.swift in Sources */ = {isa = PBXBuildFile; fileRef = F2477202E22AC8D7CB6C56AC /* TitleView.swift */; };
		396A787E979D4A51A2C4EF31 /* PartyGameView.swift in Sources */ = {isa = PBXBuildFile; fileRef = 41A1D2288F1C5BD10CE53315 /* PartyGameView.swift */; };
		3AABDEB0CEC2DD196C930785 /* NetMessages.swift in Sources */ = {isa = PBXBuildFile; fileRef = C4E3799FD9463E030E3027C6 /* NetMessages.swift */; };
		455AB690FC27BD6421FE1B68 /* PlayStyleView.swift in Sources */ = {isa = PBXBuildFile; fileRef = 76F1379D58115CE598C68C6B /* PlayStyleView.swift */; };
		45D5DE849C1F9A54C925D4D8 /* TutorialView.swift in Sources */ = {isa = PBXBuildFile; fileRef = 16F37FAA2DCF8DD1E0761D68 /* TutorialView.swift */; };
		47498A00BB03030965C9D6F5 /* GameShell in Frameworks */ = {isa = PBXBuildFile; productRef = BDC72FF9BC0A7E4BCA44A678 /* GameShell */; };
		4C0A8911E947E1CE42E9AF30 /* GameEngine.swift in Sources */ = {isa = PBXBuildFile; fileRef = DDA5395FBC02CCAA2D6D1A92 /* GameEngine.swift */; };
		557AF9134BAE985870096E8F /* ClaimRace.swift in Sources */ = {isa = PBXBuildFile; fileRef = A05FD8C31FB384CB9A02C591 /* ClaimRace.swift */; };
		5ECD3365B2D09F4AFC428759 /* Card.swift in Sources */ = {isa = PBXBuildFile; fileRef = 66EBEEB06BF708F78BF96466 /* Card.swift */; };
		606E52EC6461D1F75B476717 /* GameCenterManager.swift in Sources */ = {isa = PBXBuildFile; fileRef = 43E284F52D483EBE2365BB91 /* GameCenterManager.swift */; };
		64C9C8127644B6F9AA91CA12 /* SoloRunStore.swift in Sources */ = {isa = PBXBuildFile; fileRef = E9B3BD29BD181969572CF2ED /* SoloRunStore.swift */; };
		65BEE9643473223B5DAE5863 /* ClaimRaceTests.swift in Sources */ = {isa = PBXBuildFile; fileRef = DF873213F2ACB61C1E665CF7 /* ClaimRaceTests.swift */; };
		65C403C001A51B16E9AE77FC /* PartySession.swift in Sources */ = {isa = PBXBuildFile; fileRef = 90BE598B03AA0E6BB445B6A9 /* PartySession.swift */; };
		81C48007E94B47B53940C02A /* SupportView.swift in Sources */ = {isa = PBXBuildFile; fileRef = 31B78AECE33CDD83CD8B4356 /* SupportView.swift */; };
		8548D34517850306510158AC /* NetworkPartyGameView.swift in Sources */ = {isa = PBXBuildFile; fileRef = FAA995D31A2630A3B6953886 /* NetworkPartyGameView.swift */; };
		9B7FAE128876330A4AC34468 /* SettingsView.swift in Sources */ = {isa = PBXBuildFile; fileRef = 3403B1A46938054B8158671C /* SettingsView.swift */; };
		A236671F0BB4C9015A66C7B8 /* PartySessionTests.swift in Sources */ = {isa = PBXBuildFile; fileRef = 5816BABD18A4F7F6E2296F2D /* PartySessionTests.swift */; };
		A7430579CA5981FECF598754 /* FourDimensionalProjectionView.swift in Sources */ = {isa = PBXBuildFile; fileRef = C1DAB9099E4CA8F529837603 /* FourDimensionalProjectionView.swift */; };
		A8D040A4698E0B208BF5D8E7 /* MatchmakerView.swift in Sources */ = {isa = PBXBuildFile; fileRef = DA14A00FCA84303D9FE935EE /* MatchmakerView.swift */; };
		B05057B7F00E573E83C3769D /* MathVisualizerView.swift in Sources */ = {isa = PBXBuildFile; fileRef = 7F02BA8AC44B573528AA6140 /* MathVisualizerView.swift */; };
		B2D4913F0CDCEC6DA1A3E302 /* AppIconManager.swift in Sources */ = {isa = PBXBuildFile; fileRef = 6B0553BF7B55D5D0A5A5D6EA /* AppIconManager.swift */; };
		B751729340CEC69F505EB537 /* SoloGameView.swift in Sources */ = {isa = PBXBuildFile; fileRef = 4668A9FEC3F66FFB59730F80 /* SoloGameView.swift */; };
		BA5B0A10B92D7398A7650ACB /* GameAudio.swift in Sources */ = {isa = PBXBuildFile; fileRef = 3AE074C8E6BDCBFA0DD1A85E /* GameAudio.swift */; };
		BD1AC9C9AE7C289DAACF9AFB /* PlayerStats.swift in Sources */ = {isa = PBXBuildFile; fileRef = 491F96389609C870D53F7E6C /* PlayerStats.swift */; };
		C549C81CCF60B4E5483034C0 /* ConfettiView.swift in Sources */ = {isa = PBXBuildFile; fileRef = 6011EC1C471715E4279A1806 /* ConfettiView.swift */; };
		C5DE2CAFCE70371D04F67B07 /* Assets.xcassets in Resources */ = {isa = PBXBuildFile; fileRef = B3476586C0851F24E8E653AB /* Assets.xcassets */; };
		CA7533AB0C33C1E5348505A1 /* CardTests.swift in Sources */ = {isa = PBXBuildFile; fileRef = A5400937214F675381D17D03 /* CardTests.swift */; };
		CD34675CC61385270B94C5F4 /* GridKit in Frameworks */ = {isa = PBXBuildFile; productRef = D0086D76F460C8F977F203BC /* GridKit */; };
		E098F3D6429EF8218C641740 /* ESTLeaderboard.swift in Sources */ = {isa = PBXBuildFile; fileRef = DBD9B8C15E0FAE232F72B6B9 /* ESTLeaderboard.swift */; };
		F0D71A9512C5D5B0D71C0843 /* SupportStore.swift in Sources */ = {isa = PBXBuildFile; fileRef = 4C9625042566D9E00C552D8F /* SupportStore.swift */; };
		F4E47310C18E6EF77B70EAD8 /* CardView.swift in Sources */ = {isa = PBXBuildFile; fileRef = 472C464CD1AE63569E3EA136 /* CardView.swift */; };
		F836FE52727B691059860707 /* NetworkPartySession.swift in Sources */ = {isa = PBXBuildFile; fileRef = D2F4EA5D54ED04662EB126AE /* NetworkPartySession.swift */; };
		FB7FEFF55B4BE791F4FDE614 /* ESTApp.swift in Sources */ = {isa = PBXBuildFile; fileRef = CFFECB55E89D60D1B4C57ED9 /* ESTApp.swift */; };
		FCD70564F92D59107E55E7B4 /* BoardGridView.swift in Sources */ = {isa = PBXBuildFile; fileRef = E48C5C1346BE0394E6087B18 /* BoardGridView.swift */; };
/* End PBXBuildFile section */

/* Begin PBXContainerItemProxy section */
		23CB684221A478401F2AD14A /* PBXContainerItemProxy */ = {
			isa = PBXContainerItemProxy;
			containerPortal = A008AEFD6655C9CF1835AB14 /* Project object */;
			proxyType = 1;
			remoteGlobalIDString = 5588DC9F0D158AC0C978EB6E;
			remoteInfo = EST;
		};
		6C7161A27ACB66E3D581EE15 /* PBXContainerItemProxy */ = {
			isa = PBXContainerItemProxy;
			containerPortal = A008AEFD6655C9CF1835AB14 /* Project object */;
			proxyType = 1;
			remoteGlobalIDString = 5588DC9F0D158AC0C978EB6E;
			remoteInfo = EST;
		};
/* End PBXContainerItemProxy section */

/* Begin PBXFileReference section */
		0D7A01961B33CE03B20D49F4 /* GridKit */ = {isa = PBXFileReference; lastKnownFileType = folder; name = GridKit; path = Packages/GridKit; sourceTree = SOURCE_ROOT; };
		16EFDB671FA1F6A886409C17 /* ESTUITests.xctest */ = {isa = PBXFileReference; includeInIndex = 0; lastKnownFileType = wrapper.cfbundle; path = ESTUITests.xctest; sourceTree = BUILT_PRODUCTS_DIR; };
		16F37FAA2DCF8DD1E0761D68 /* TutorialView.swift */ = {isa = PBXFileReference; lastKnownFileType = sourcecode.swift; path = TutorialView.swift; sourceTree = "<group>"; };
		28B5BFD0B635B12A0E8D4FBC /* Telemetry.swift */ = {isa = PBXFileReference; lastKnownFileType = sourcecode.swift; path = Telemetry.swift; sourceTree = "<group>"; };
		299F58ECE893660C9BEABFEB /* PilesView.swift */ = {isa = PBXFileReference; lastKnownFileType = sourcecode.swift; path = PilesView.swift; sourceTree = "<group>"; };
		2B10BBBD73B61C9E649C8A41 /* EST.entitlements */ = {isa = PBXFileReference; lastKnownFileType = text.plist.entitlements; path = EST.entitlements; sourceTree = "<group>"; };
		315EDDEAAD8AC89CBE742294 /* EST.app */ = {isa = PBXFileReference; includeInIndex = 0; lastKnownFileType = wrapper.application; path = EST.app; sourceTree = BUILT_PRODUCTS_DIR; };
		31B78AECE33CDD83CD8B4356 /* SupportView.swift */ = {isa = PBXFileReference; lastKnownFileType = sourcecode.swift; path = SupportView.swift; sourceTree = "<group>"; };
		3403B1A46938054B8158671C /* SettingsView.swift */ = {isa = PBXFileReference; lastKnownFileType = sourcecode.swift; path = SettingsView.swift; sourceTree = "<group>"; };
		3729F9A3C5BF635C27E38EB1 /* FeedbackView.swift */ = {isa = PBXFileReference; lastKnownFileType = sourcecode.swift; path = FeedbackView.swift; sourceTree = "<group>"; };
		39519372647DA3AAD6D6D3DC /* GlassHelpers.swift */ = {isa = PBXFileReference; lastKnownFileType = sourcecode.swift; path = GlassHelpers.swift; sourceTree = "<group>"; };
		3AE074C8E6BDCBFA0DD1A85E /* GameAudio.swift */ = {isa = PBXFileReference; lastKnownFileType = sourcecode.swift; path = GameAudio.swift; sourceTree = "<group>"; };
		41A1D2288F1C5BD10CE53315 /* PartyGameView.swift */ = {isa = PBXFileReference; lastKnownFileType = sourcecode.swift; path = PartyGameView.swift; sourceTree = "<group>"; };
		43E284F52D483EBE2365BB91 /* GameCenterManager.swift */ = {isa = PBXFileReference; lastKnownFileType = sourcecode.swift; path = GameCenterManager.swift; sourceTree = "<group>"; };
		4668A9FEC3F66FFB59730F80 /* SoloGameView.swift */ = {isa = PBXFileReference; lastKnownFileType = sourcecode.swift; path = SoloGameView.swift; sourceTree = "<group>"; };
		472C464CD1AE63569E3EA136 /* CardView.swift */ = {isa = PBXFileReference; lastKnownFileType = sourcecode.swift; path = CardView.swift; sourceTree = "<group>"; };
		478B5F591DAF9298847AD96C /* ButtonStyles.swift */ = {isa = PBXFileReference; lastKnownFileType = sourcecode.swift; path = ButtonStyles.swift; sourceTree = "<group>"; };
		491F96389609C870D53F7E6C /* PlayerStats.swift */ = {isa = PBXFileReference; lastKnownFileType = sourcecode.swift; path = PlayerStats.swift; sourceTree = "<group>"; };
		4C9625042566D9E00C552D8F /* SupportStore.swift */ = {isa = PBXFileReference; lastKnownFileType = sourcecode.swift; path = SupportStore.swift; sourceTree = "<group>"; };
		5816BABD18A4F7F6E2296F2D /* PartySessionTests.swift */ = {isa = PBXFileReference; lastKnownFileType = sourcecode.swift; path = PartySessionTests.swift; sourceTree = "<group>"; };
		5DB2C9E562A51E177A5F5E58 /* FeedbackTests.swift */ = {isa = PBXFileReference; lastKnownFileType = sourcecode.swift; path = FeedbackTests.swift; sourceTree = "<group>"; };
		6011EC1C471715E4279A1806 /* ConfettiView.swift */ = {isa = PBXFileReference; lastKnownFileType = sourcecode.swift; path = ConfettiView.swift; sourceTree = "<group>"; };
		66EBEEB06BF708F78BF96466 /* Card.swift */ = {isa = PBXFileReference; lastKnownFileType = sourcecode.swift; path = Card.swift; sourceTree = "<group>"; };
		67FBC0BB05BEB30933DC7A6F /* ESTTests.xctest */ = {isa = PBXFileReference; includeInIndex = 0; lastKnownFileType = wrapper.cfbundle; path = ESTTests.xctest; sourceTree = BUILT_PRODUCTS_DIR; };
		6AC7C6A4BCCC7DB5EA3A2FDC /* LeaderboardView.swift */ = {isa = PBXFileReference; lastKnownFileType = sourcecode.swift; path = LeaderboardView.swift; sourceTree = "<group>"; };
		6B0553BF7B55D5D0A5A5D6EA /* AppIconManager.swift */ = {isa = PBXFileReference; lastKnownFileType = sourcecode.swift; path = AppIconManager.swift; sourceTree = "<group>"; };
		76F1379D58115CE598C68C6B /* PlayStyleView.swift */ = {isa = PBXFileReference; lastKnownFileType = sourcecode.swift; path = PlayStyleView.swift; sourceTree = "<group>"; };
		7F02BA8AC44B573528AA6140 /* MathVisualizerView.swift */ = {isa = PBXFileReference; lastKnownFileType = sourcecode.swift; path = MathVisualizerView.swift; sourceTree = "<group>"; };
		869CB7754FD544C955C685EF /* Feedback.swift */ = {isa = PBXFileReference; lastKnownFileType = sourcecode.swift; path = Feedback.swift; sourceTree = "<group>"; };
		90BE598B03AA0E6BB445B6A9 /* PartySession.swift */ = {isa = PBXFileReference; lastKnownFileType = sourcecode.swift; path = PartySession.swift; sourceTree = "<group>"; };
		96064612A09AED61D2C9827D /* Appearance.swift */ = {isa = PBXFileReference; lastKnownFileType = sourcecode.swift; path = Appearance.swift; sourceTree = "<group>"; };
		9BD4BD80BED4CEF44FCE3563 /* GameShell */ = {isa = PBXFileReference; lastKnownFileType = folder; name = GameShell; path = Packages/GameShell; sourceTree = SOURCE_ROOT; };
		A05FD8C31FB384CB9A02C591 /* ClaimRace.swift */ = {isa = PBXFileReference; lastKnownFileType = sourcecode.swift; path = ClaimRace.swift; sourceTree = "<group>"; };
		A5400937214F675381D17D03 /* CardTests.swift */ = {isa = PBXFileReference; lastKnownFileType = sourcecode.swift; path = CardTests.swift; sourceTree = "<group>"; };
		B3476586C0851F24E8E653AB /* Assets.xcassets */ = {isa = PBXFileReference; lastKnownFileType = folder.assetcatalog; path = Assets.xcassets; sourceTree = "<group>"; };
		C1DAB9099E4CA8F529837603 /* FourDimensionalProjectionView.swift */ = {isa = PBXFileReference; lastKnownFileType = sourcecode.swift; path = FourDimensionalProjectionView.swift; sourceTree = "<group>"; };
		C4E3799FD9463E030E3027C6 /* NetMessages.swift */ = {isa = PBXFileReference; lastKnownFileType = sourcecode.swift; path = NetMessages.swift; sourceTree = "<group>"; };
		CFFECB55E89D60D1B4C57ED9 /* ESTApp.swift */ = {isa = PBXFileReference; lastKnownFileType = sourcecode.swift; path = ESTApp.swift; sourceTree = "<group>"; };
		D2F4EA5D54ED04662EB126AE /* NetworkPartySession.swift */ = {isa = PBXFileReference; lastKnownFileType = sourcecode.swift; path = NetworkPartySession.swift; sourceTree = "<group>"; };
		D5F124673A85426DAE3666DC /* ScreenshotTests.swift */ = {isa = PBXFileReference; lastKnownFileType = sourcecode.swift; path = ScreenshotTests.swift; sourceTree = "<group>"; };
		DA14A00FCA84303D9FE935EE /* MatchmakerView.swift */ = {isa = PBXFileReference; lastKnownFileType = sourcecode.swift; path = MatchmakerView.swift; sourceTree = "<group>"; };
		DBD9B8C15E0FAE232F72B6B9 /* ESTLeaderboard.swift */ = {isa = PBXFileReference; lastKnownFileType = sourcecode.swift; path = ESTLeaderboard.swift; sourceTree = "<group>"; };
		DDA5395FBC02CCAA2D6D1A92 /* GameEngine.swift */ = {isa = PBXFileReference; lastKnownFileType = sourcecode.swift; path = GameEngine.swift; sourceTree = "<group>"; };
		DF873213F2ACB61C1E665CF7 /* ClaimRaceTests.swift */ = {isa = PBXFileReference; lastKnownFileType = sourcecode.swift; path = ClaimRaceTests.swift; sourceTree = "<group>"; };
		E09D9A175708CBA629D9B697 /* GameAccent.swift */ = {isa = PBXFileReference; lastKnownFileType = sourcecode.swift; path = GameAccent.swift; sourceTree = "<group>"; };
		E48C5C1346BE0394E6087B18 /* BoardGridView.swift */ = {isa = PBXFileReference; lastKnownFileType = sourcecode.swift; path = BoardGridView.swift; sourceTree = "<group>"; };
		E9B3BD29BD181969572CF2ED /* SoloRunStore.swift */ = {isa = PBXFileReference; lastKnownFileType = sourcecode.swift; path = SoloRunStore.swift; sourceTree = "<group>"; };
		F2477202E22AC8D7CB6C56AC /* TitleView.swift */ = {isa = PBXFileReference; lastKnownFileType = sourcecode.swift; path = TitleView.swift; sourceTree = "<group>"; };
		FAA995D31A2630A3B6953886 /* NetworkPartyGameView.swift */ = {isa = PBXFileReference; lastKnownFileType = sourcecode.swift; path = NetworkPartyGameView.swift; sourceTree = "<group>"; };
/* End PBXFileReference section */

/* Begin PBXFrameworksBuildPhase section */
		4C9A8F3F0A9FE9BC1E1CE487 /* Frameworks */ = {
			isa = PBXFrameworksBuildPhase;
			buildActionMask = 2147483647;
			files = (
				47498A00BB03030965C9D6F5 /* GameShell in Frameworks */,
				CD34675CC61385270B94C5F4 /* GridKit in Frameworks */,
			);
			runOnlyForDeploymentPostprocessing = 0;
		};
/* End PBXFrameworksBuildPhase section */

/* Begin PBXGroup section */
		23CC4356B0E650C000976EC9 /* EST */ = {
			isa = PBXGroup;
			children = (
				2B10BBBD73B61C9E649C8A41 /* EST.entitlements */,
				696173847AE62F759AD2DCD3 /* App */,
				FE5D17A9FC4951BD47208A16 /* GameCenter */,
				2BACCB27921F1EE91A27CA0F /* Models */,
				F80B56DB7421563D745C2F40 /* Resources */,
				E9DBC3231CCA20DAE831BF88 /* Views */,
			);
			path = EST;
			sourceTree = "<group>";
		};
		2BACCB27921F1EE91A27CA0F /* Models */ = {
			isa = PBXGroup;
			children = (
				96064612A09AED61D2C9827D /* Appearance.swift */,
				6B0553BF7B55D5D0A5A5D6EA /* AppIconManager.swift */,
				66EBEEB06BF708F78BF96466 /* Card.swift */,
				A05FD8C31FB384CB9A02C591 /* ClaimRace.swift */,
				869CB7754FD544C955C685EF /* Feedback.swift */,
				E09D9A175708CBA629D9B697 /* GameAccent.swift */,
				3AE074C8E6BDCBFA0DD1A85E /* GameAudio.swift */,
				DDA5395FBC02CCAA2D6D1A92 /* GameEngine.swift */,
				C4E3799FD9463E030E3027C6 /* NetMessages.swift */,
				D2F4EA5D54ED04662EB126AE /* NetworkPartySession.swift */,
				90BE598B03AA0E6BB445B6A9 /* PartySession.swift */,
				491F96389609C870D53F7E6C /* PlayerStats.swift */,
				E9B3BD29BD181969572CF2ED /* SoloRunStore.swift */,
				4C9625042566D9E00C552D8F /* SupportStore.swift */,
				28B5BFD0B635B12A0E8D4FBC /* Telemetry.swift */,
			);
			path = Models;
			sourceTree = "<group>";
		};
		2E2DB43C271B4724AD92761D /* ESTUITests */ = {
			isa = PBXGroup;
			children = (
				D5F124673A85426DAE3666DC /* ScreenshotTests.swift */,
			);
			path = ESTUITests;
			sourceTree = "<group>";
		};
		696173847AE62F759AD2DCD3 /* App */ = {
			isa = PBXGroup;
			children = (
				CFFECB55E89D60D1B4C57ED9 /* ESTApp.swift */,
			);
			path = App;
			sourceTree = "<group>";
		};
		7B20878442E81F7C3DE5BF1D /* Products */ = {
			isa = PBXGroup;
			children = (
				315EDDEAAD8AC89CBE742294 /* EST.app */,
				67FBC0BB05BEB30933DC7A6F /* ESTTests.xctest */,
				16EFDB671FA1F6A886409C17 /* ESTUITests.xctest */,
			);
			name = Products;
			sourceTree = "<group>";
		};
		935D41E1DD5936CA0827A7E6 /* Math */ = {
			isa = PBXGroup;
			children = (
				C1DAB9099E4CA8F529837603 /* FourDimensionalProjectionView.swift */,
				7F02BA8AC44B573528AA6140 /* MathVisualizerView.swift */,
			);
			path = Math;
			sourceTree = "<group>";
		};
		D14A5D93F4DE9E7DA8E11BD3 /* Packages */ = {
			isa = PBXGroup;
			children = (
				9BD4BD80BED4CEF44FCE3563 /* GameShell */,
				0D7A01961B33CE03B20D49F4 /* GridKit */,
			);
			path = Packages;
			sourceTree = "<group>";
		};
		E9DBC3231CCA20DAE831BF88 /* Views */ = {
			isa = PBXGroup;
			children = (
				E48C5C1346BE0394E6087B18 /* BoardGridView.swift */,
				478B5F591DAF9298847AD96C /* ButtonStyles.swift */,
				472C464CD1AE63569E3EA136 /* CardView.swift */,
				6011EC1C471715E4279A1806 /* ConfettiView.swift */,
				3729F9A3C5BF635C27E38EB1 /* FeedbackView.swift */,
				39519372647DA3AAD6D6D3DC /* GlassHelpers.swift */,
				6AC7C6A4BCCC7DB5EA3A2FDC /* LeaderboardView.swift */,
				DA14A00FCA84303D9FE935EE /* MatchmakerView.swift */,
				FAA995D31A2630A3B6953886 /* NetworkPartyGameView.swift */,
				41A1D2288F1C5BD10CE53315 /* PartyGameView.swift */,
				299F58ECE893660C9BEABFEB /* PilesView.swift */,
				76F1379D58115CE598C68C6B /* PlayStyleView.swift */,
				3403B1A46938054B8158671C /* SettingsView.swift */,
				4668A9FEC3F66FFB59730F80 /* SoloGameView.swift */,
				31B78AECE33CDD83CD8B4356 /* SupportView.swift */,
				F2477202E22AC8D7CB6C56AC /* TitleView.swift */,
				16F37FAA2DCF8DD1E0761D68 /* TutorialView.swift */,
				935D41E1DD5936CA0827A7E6 /* Math */,
			);
			path = Views;
			sourceTree = "<group>";
		};
		ED0D7F78296EE2E3546A6059 = {
			isa = PBXGroup;
			children = (
				23CC4356B0E650C000976EC9 /* EST */,
				F8EBBDE99F9A137EA0A86A5D /* ESTTests */,
				2E2DB43C271B4724AD92761D /* ESTUITests */,
				D14A5D93F4DE9E7DA8E11BD3 /* Packages */,
				7B20878442E81F7C3DE5BF1D /* Products */,
			);
			sourceTree = "<group>";
		};
		F80B56DB7421563D745C2F40 /* Resources */ = {
			isa = PBXGroup;
			children = (
				B3476586C0851F24E8E653AB /* Assets.xcassets */,
			);
			path = Resources;
			sourceTree = "<group>";
		};
		F8EBBDE99F9A137EA0A86A5D /* ESTTests */ = {
			isa = PBXGroup;
			children = (
				A5400937214F675381D17D03 /* CardTests.swift */,
				DF873213F2ACB61C1E665CF7 /* ClaimRaceTests.swift */,
				5DB2C9E562A51E177A5F5E58 /* FeedbackTests.swift */,
				5816BABD18A4F7F6E2296F2D /* PartySessionTests.swift */,
			);
			path = ESTTests;
			sourceTree = "<group>";
		};
		FE5D17A9FC4951BD47208A16 /* GameCenter */ = {
			isa = PBXGroup;
			children = (
				DBD9B8C15E0FAE232F72B6B9 /* ESTLeaderboard.swift */,
				43E284F52D483EBE2365BB91 /* GameCenterManager.swift */,
			);
			path = GameCenter;
			sourceTree = "<group>";
		};
/* End PBXGroup section */

/* Begin PBXNativeTarget section */
		5588DC9F0D158AC0C978EB6E /* EST */ = {
			isa = PBXNativeTarget;
			buildConfigurationList = 60E995F4F5F67B35224E1417 /* Build configuration list for PBXNativeTarget "EST" */;
			buildPhases = (
				A4AA6BFC39950352B9A6FB13 /* Sources */,
				F1B77275963D16A3EA39226E /* Resources */,
				4C9A8F3F0A9FE9BC1E1CE487 /* Frameworks */,
			);
			buildRules = (
			);
			dependencies = (
			);
			name = EST;
			packageProductDependencies = (
				BDC72FF9BC0A7E4BCA44A678 /* GameShell */,
				D0086D76F460C8F977F203BC /* GridKit */,
			);
			productName = EST;
			productReference = 315EDDEAAD8AC89CBE742294 /* EST.app */;
			productType = "com.apple.product-type.application";
		};
		B28694EB21EB968C12B1FF78 /* ESTUITests */ = {
			isa = PBXNativeTarget;
			buildConfigurationList = 6F3EC0DBF78083ED056AE681 /* Build configuration list for PBXNativeTarget "ESTUITests" */;
			buildPhases = (
				F7600AC438FB4593886BAE77 /* Sources */,
			);
			buildRules = (
			);
			dependencies = (
				879AAE2364F192E0BAE85079 /* PBXTargetDependency */,
			);
			name = ESTUITests;
			packageProductDependencies = (
			);
			productName = ESTUITests;
			productReference = 16EFDB671FA1F6A886409C17 /* ESTUITests.xctest */;
			productType = "com.apple.product-type.bundle.ui-testing";
		};
		E5A720E62EDB5B9AB9C21F0C /* ESTTests */ = {
			isa = PBXNativeTarget;
			buildConfigurationList = CA81A38B557EC2C0F400182C /* Build configuration list for PBXNativeTarget "ESTTests" */;
			buildPhases = (
				52602B4EB941FA3A15C8B3AC /* Sources */,
			);
			buildRules = (
			);
			dependencies = (
				48951C8C9398420C8CB45EB1 /* PBXTargetDependency */,
			);
			name = ESTTests;
			packageProductDependencies = (
			);
			productName = ESTTests;
			productReference = 67FBC0BB05BEB30933DC7A6F /* ESTTests.xctest */;
			productType = "com.apple.product-type.bundle.unit-test";
		};
/* End PBXNativeTarget section */

/* Begin PBXProject section */
		A008AEFD6655C9CF1835AB14 /* Project object */ = {
			isa = PBXProject;
			attributes = {
				BuildIndependentTargetsInParallel = YES;
				LastUpgradeCheck = 1600;
				TargetAttributes = {
					5588DC9F0D158AC0C978EB6E = {
						ProvisioningStyle = Automatic;
					};
					B28694EB21EB968C12B1FF78 = {
						ProvisioningStyle = Automatic;
						TestTargetID = 5588DC9F0D158AC0C978EB6E;
					};
					E5A720E62EDB5B9AB9C21F0C = {
						ProvisioningStyle = Automatic;
						TestTargetID = 5588DC9F0D158AC0C978EB6E;
					};
				};
			};
			buildConfigurationList = 8666970CABBC9FE4B0036928 /* Build configuration list for PBXProject "EST" */;
			developmentRegion = en;
			hasScannedForEncodings = 0;
			knownRegions = (
				Base,
				en,
			);
			mainGroup = ED0D7F78296EE2E3546A6059;
			minimizedProjectReferenceProxies = 1;
			packageReferences = (
				51AF23CEA3613D17AFD415D6 /* XCLocalSwiftPackageReference "Packages/GameShell" */,
				C66A4E0B4CB6D946A181472C /* XCLocalSwiftPackageReference "Packages/GridKit" */,
			);
			preferredProjectObjectVersion = 77;
			productRefGroup = 7B20878442E81F7C3DE5BF1D /* Products */;
			projectDirPath = "";
			projectRoot = "";
			targets = (
				5588DC9F0D158AC0C978EB6E /* EST */,
				E5A720E62EDB5B9AB9C21F0C /* ESTTests */,
				B28694EB21EB968C12B1FF78 /* ESTUITests */,
			);
		};
/* End PBXProject section */

/* Begin PBXResourcesBuildPhase section */
		F1B77275963D16A3EA39226E /* Resources */ = {
			isa = PBXResourcesBuildPhase;
			buildActionMask = 2147483647;
			files = (
				C5DE2CAFCE70371D04F67B07 /* Assets.xcassets in Resources */,
			);
			runOnlyForDeploymentPostprocessing = 0;
		};
/* End PBXResourcesBuildPhase section */

/* Begin PBXSourcesBuildPhase section */
		52602B4EB941FA3A15C8B3AC /* Sources */ = {
			isa = PBXSourcesBuildPhase;
			buildActionMask = 2147483647;
			files = (
				CA7533AB0C33C1E5348505A1 /* CardTests.swift in Sources */,
				65BEE9643473223B5DAE5863 /* ClaimRaceTests.swift in Sources */,
				125DC9139719C4CB8E45CE0A /* FeedbackTests.swift in Sources */,
				A236671F0BB4C9015A66C7B8 /* PartySessionTests.swift in Sources */,
			);
			runOnlyForDeploymentPostprocessing = 0;
		};
		A4AA6BFC39950352B9A6FB13 /* Sources */ = {
			isa = PBXSourcesBuildPhase;
			buildActionMask = 2147483647;
			files = (
				B2D4913F0CDCEC6DA1A3E302 /* AppIconManager.swift in Sources */,
				2ABFA390D123F89E68E36C7A /* Appearance.swift in Sources */,
				FCD70564F92D59107E55E7B4 /* BoardGridView.swift in Sources */,
				1DF91BEEE29C8F8561882BF3 /* ButtonStyles.swift in Sources */,
				5ECD3365B2D09F4AFC428759 /* Card.swift in Sources */,
				F4E47310C18E6EF77B70EAD8 /* CardView.swift in Sources */,
				557AF9134BAE985870096E8F /* ClaimRace.swift in Sources */,
				C549C81CCF60B4E5483034C0 /* ConfettiView.swift in Sources */,
				FB7FEFF55B4BE791F4FDE614 /* ESTApp.swift in Sources */,
				E098F3D6429EF8218C641740 /* ESTLeaderboard.swift in Sources */,
				24BA02D18FFF62F16FACC2A6 /* Feedback.swift in Sources */,
				00535095794914F1DE05923A /* FeedbackView.swift in Sources */,
				A7430579CA5981FECF598754 /* FourDimensionalProjectionView.swift in Sources */,
				22BA20FB7CFE7A80FD2D39B5 /* GameAccent.swift in Sources */,
				BA5B0A10B92D7398A7650ACB /* GameAudio.swift in Sources */,
				606E52EC6461D1F75B476717 /* GameCenterManager.swift in Sources */,
				4C0A8911E947E1CE42E9AF30 /* GameEngine.swift in Sources */,
				19F857283673B6F32580E101 /* GlassHelpers.swift in Sources */,
				073E1786575CC90B816128F7 /* LeaderboardView.swift in Sources */,
				A8D040A4698E0B208BF5D8E7 /* MatchmakerView.swift in Sources */,
				B05057B7F00E573E83C3769D /* MathVisualizerView.swift in Sources */,
				3AABDEB0CEC2DD196C930785 /* NetMessages.swift in Sources */,
				8548D34517850306510158AC /* NetworkPartyGameView.swift in Sources */,
				F836FE52727B691059860707 /* NetworkPartySession.swift in Sources */,
				396A787E979D4A51A2C4EF31 /* PartyGameView.swift in Sources */,
				65C403C001A51B16E9AE77FC /* PartySession.swift in Sources */,
				272C76944CA31B9085571EED /* PilesView.swift in Sources */,
				455AB690FC27BD6421FE1B68 /* PlayStyleView.swift in Sources */,
				BD1AC9C9AE7C289DAACF9AFB /* PlayerStats.swift in Sources */,
				9B7FAE128876330A4AC34468 /* SettingsView.swift in Sources */,
				B751729340CEC69F505EB537 /* SoloGameView.swift in Sources */,
				64C9C8127644B6F9AA91CA12 /* SoloRunStore.swift in Sources */,
				F0D71A9512C5D5B0D71C0843 /* SupportStore.swift in Sources */,
				81C48007E94B47B53940C02A /* SupportView.swift in Sources */,
				1210BED2FA82EFDD704B9B3F /* Telemetry.swift in Sources */,
				34D5EEDF027658B338D7B528 /* TitleView.swift in Sources */,
				45D5DE849C1F9A54C925D4D8 /* TutorialView.swift in Sources */,
			);
			runOnlyForDeploymentPostprocessing = 0;
		};
		F7600AC438FB4593886BAE77 /* Sources */ = {
			isa = PBXSourcesBuildPhase;
			buildActionMask = 2147483647;
			files = (
				2BAABEFD4BABA40A79640CD6 /* ScreenshotTests.swift in Sources */,
			);
			runOnlyForDeploymentPostprocessing = 0;
		};
/* End PBXSourcesBuildPhase section */

/* Begin PBXTargetDependency section */
		48951C8C9398420C8CB45EB1 /* PBXTargetDependency */ = {
			isa = PBXTargetDependency;
			target = 5588DC9F0D158AC0C978EB6E /* EST */;
			targetProxy = 6C7161A27ACB66E3D581EE15 /* PBXContainerItemProxy */;
		};
		879AAE2364F192E0BAE85079 /* PBXTargetDependency */ = {
			isa = PBXTargetDependency;
			target = 5588DC9F0D158AC0C978EB6E /* EST */;
			targetProxy = 23CB684221A478401F2AD14A /* PBXContainerItemProxy */;
		};
/* End PBXTargetDependency section */

/* Begin XCBuildConfiguration section */
		244E7AC9D5E67E24F3183672 /* Debug */ = {
			isa = XCBuildConfiguration;
			buildSettings = {
				BUNDLE_LOADER = "$(TEST_HOST)";
				GENERATE_INFOPLIST_FILE = YES;
				LD_RUNPATH_SEARCH_PATHS = (
					"$(inherited)",
					"@executable_path/Frameworks",
					"@loader_path/Frameworks",
				);
				PRODUCT_BUNDLE_IDENTIFIER = "com.centaur-labs.est.tests";
				SDKROOT = iphoneos;
				TARGETED_DEVICE_FAMILY = "1,2";
				TEST_HOST = "$(BUILT_PRODUCTS_DIR)/EST.app/EST";
				TEST_TARGET_NAME = EST;
			};
			name = Debug;
		};
		27B62F3895FC37FE7005E970 /* Release */ = {
			isa = XCBuildConfiguration;
			buildSettings = {
				ALWAYS_SEARCH_USER_PATHS = NO;
				CLANG_ANALYZER_NONNULL = YES;
				CLANG_ANALYZER_NUMBER_OBJECT_CONVERSION = YES_AGGRESSIVE;
				CLANG_CXX_LANGUAGE_STANDARD = "gnu++14";
				CLANG_CXX_LIBRARY = "libc++";
				CLANG_ENABLE_MODULES = YES;
				CLANG_ENABLE_OBJC_ARC = YES;
				CLANG_ENABLE_OBJC_WEAK = YES;
				CLANG_WARN_BLOCK_CAPTURE_AUTORELEASING = YES;
				CLANG_WARN_BOOL_CONVERSION = YES;
				CLANG_WARN_COMMA = YES;
				CLANG_WARN_CONSTANT_CONVERSION = YES;
				CLANG_WARN_DEPRECATED_OBJC_IMPLEMENTATIONS = YES;
				CLANG_WARN_DIRECT_OBJC_ISA_USAGE = YES_ERROR;
				CLANG_WARN_DOCUMENTATION_COMMENTS = YES;
				CLANG_WARN_EMPTY_BODY = YES;
				CLANG_WARN_ENUM_CONVERSION = YES;
				CLANG_WARN_INFINITE_RECURSION = YES;
				CLANG_WARN_INT_CONVERSION = YES;
				CLANG_WARN_NON_LITERAL_NULL_CONVERSION = YES;
				CLANG_WARN_OBJC_IMPLICIT_RETAIN_SELF = YES;
				CLANG_WARN_OBJC_LITERAL_CONVERSION = YES;
				CLANG_WARN_OBJC_ROOT_CLASS = YES_ERROR;
				CLANG_WARN_QUOTED_INCLUDE_IN_FRAMEWORK_HEADER = YES;
				CLANG_WARN_RANGE_LOOP_ANALYSIS = YES;
				CLANG_WARN_STRICT_PROTOTYPES = YES;
				CLANG_WARN_SUSPICIOUS_MOVE = YES;
				CLANG_WARN_UNGUARDED_AVAILABILITY = YES_AGGRESSIVE;
				CLANG_WARN_UNREACHABLE_CODE = YES;
				CLANG_WARN__DUPLICATE_METHOD_MATCH = YES;
				CODE_SIGN_STYLE = Automatic;
				COPY_PHASE_STRIP = NO;
				DEBUG_INFORMATION_FORMAT = "dwarf-with-dsym";
				ENABLE_NS_ASSERTIONS = NO;
				ENABLE_STRICT_OBJC_MSGSEND = YES;
				GCC_C_LANGUAGE_STANDARD = gnu11;
				GCC_NO_COMMON_BLOCKS = YES;
				GCC_WARN_64_TO_32_BIT_CONVERSION = YES;
				GCC_WARN_ABOUT_RETURN_TYPE = YES_ERROR;
				GCC_WARN_UNDECLARED_SELECTOR = YES;
				GCC_WARN_UNINITIALIZED_AUTOS = YES_AGGRESSIVE;
				GCC_WARN_UNUSED_FUNCTION = YES;
				GCC_WARN_UNUSED_VARIABLE = YES;
				IPHONEOS_DEPLOYMENT_TARGET = 17.0;
				MTL_ENABLE_DEBUG_INFO = NO;
				MTL_FAST_MATH = YES;
				PRODUCT_NAME = "$(TARGET_NAME)";
				SDKROOT = iphoneos;
				SWIFT_COMPILATION_MODE = wholemodule;
				SWIFT_OPTIMIZATION_LEVEL = "-O";
				SWIFT_VERSION = 5.9;
			};
			name = Release;
		};
		5A2030964106519BEE4928BC /* Release */ = {
			isa = XCBuildConfiguration;
			buildSettings = {
				BUNDLE_LOADER = "$(TEST_HOST)";
				GENERATE_INFOPLIST_FILE = YES;
				LD_RUNPATH_SEARCH_PATHS = (
					"$(inherited)",
					"@executable_path/Frameworks",
					"@loader_path/Frameworks",
				);
				PRODUCT_BUNDLE_IDENTIFIER = "com.centaur-labs.est.tests";
				SDKROOT = iphoneos;
				TARGETED_DEVICE_FAMILY = "1,2";
				TEST_HOST = "$(BUILT_PRODUCTS_DIR)/EST.app/EST";
				TEST_TARGET_NAME = EST;
			};
			name = Release;
		};
		8F394728FD45B6A588DAE30A /* Release */ = {
			isa = XCBuildConfiguration;
			buildSettings = {
				BUNDLE_LOADER = "$(TEST_HOST)";
				GENERATE_INFOPLIST_FILE = YES;
				LD_RUNPATH_SEARCH_PATHS = (
					"$(inherited)",
					"@executable_path/Frameworks",
					"@loader_path/Frameworks",
				);
				PRODUCT_BUNDLE_IDENTIFIER = "com.centaur-labs.est.uitests";
				SDKROOT = iphoneos;
				TARGETED_DEVICE_FAMILY = "1,2";
				TEST_TARGET_NAME = EST;
			};
			name = Release;
		};
		93E756EB37A61494CFE376EE /* Release */ = {
			isa = XCBuildConfiguration;
			buildSettings = {
				ASSETCATALOG_COMPILER_ALTERNATE_APPICON_NAMES = "AppIconOrchard AppIconDusk";
				ASSETCATALOG_COMPILER_APPICON_NAME = AppIcon;
				CODE_SIGN_ENTITLEMENTS = EST/EST.entitlements;
				CODE_SIGN_IDENTITY = "iPhone Developer";
				CURRENT_PROJECT_VERSION = 157;
				GENERATE_INFOPLIST_FILE = YES;
				INFOPLIST_KEY_CFBundleDisplayName = EST;
				INFOPLIST_KEY_ESTFeedbackEndpoint = "https://est-telemetry.envisioning.workers.dev/v1/feedback";
				INFOPLIST_KEY_ESTTelemetryEndpoint = "https://est-telemetry.envisioning.workers.dev/v1/batches";
				INFOPLIST_KEY_ITSAppUsesNonExemptEncryption = NO;
				INFOPLIST_KEY_UILaunchScreen_Generation = YES;
				INFOPLIST_KEY_UISupportedInterfaceOrientations_iPad = "UIInterfaceOrientationPortrait UIInterfaceOrientationPortraitUpsideDown UIInterfaceOrientationLandscapeLeft UIInterfaceOrientationLandscapeRight";
				INFOPLIST_KEY_UISupportedInterfaceOrientations_iPhone = UIInterfaceOrientationPortrait;
				LD_RUNPATH_SEARCH_PATHS = (
					"$(inherited)",
					"@executable_path/Frameworks",
				);
				MARKETING_VERSION = 1.0.0;
				PRODUCT_BUNDLE_IDENTIFIER = "com.centaur-labs.est";
				SDKROOT = iphoneos;
				TARGETED_DEVICE_FAMILY = "1,2";
			};
			name = Release;
		};
		B1F9710A9741C629351F4142 /* Debug */ = {
			isa = XCBuildConfiguration;
			buildSettings = {
				ASSETCATALOG_COMPILER_ALTERNATE_APPICON_NAMES = "AppIconOrchard AppIconDusk";
				ASSETCATALOG_COMPILER_APPICON_NAME = AppIcon;
				CODE_SIGN_ENTITLEMENTS = EST/EST.entitlements;
				CODE_SIGN_IDENTITY = "iPhone Developer";
				CURRENT_PROJECT_VERSION = 157;
				GENERATE_INFOPLIST_FILE = YES;
				INFOPLIST_KEY_CFBundleDisplayName = EST;
				INFOPLIST_KEY_ESTFeedbackEndpoint = "https://est-telemetry.envisioning.workers.dev/v1/feedback";
				INFOPLIST_KEY_ESTTelemetryEndpoint = "https://est-telemetry.envisioning.workers.dev/v1/batches";
				INFOPLIST_KEY_ITSAppUsesNonExemptEncryption = NO;
				INFOPLIST_KEY_UILaunchScreen_Generation = YES;
				INFOPLIST_KEY_UISupportedInterfaceOrientations_iPad = "UIInterfaceOrientationPortrait UIInterfaceOrientationPortraitUpsideDown UIInterfaceOrientationLandscapeLeft UIInterfaceOrientationLandscapeRight";
				INFOPLIST_KEY_UISupportedInterfaceOrientations_iPhone = UIInterfaceOrientationPortrait;
				LD_RUNPATH_SEARCH_PATHS = (
					"$(inherited)",
					"@executable_path/Frameworks",
				);
				MARKETING_VERSION = 1.0.0;
				PRODUCT_BUNDLE_IDENTIFIER = "com.centaur-labs.est";
				SDKROOT = iphoneos;
				TARGETED_DEVICE_FAMILY = "1,2";
			};
			name = Debug;
		};
		BE11DD19CAF4B01F70532145 /* Debug */ = {
			isa = XCBuildConfiguration;
			buildSettings = {
				BUNDLE_LOADER = "$(TEST_HOST)";
				GENERATE_INFOPLIST_FILE = YES;
				LD_RUNPATH_SEARCH_PATHS = (
					"$(inherited)",
					"@executable_path/Frameworks",
					"@loader_path/Frameworks",
				);
				PRODUCT_BUNDLE_IDENTIFIER = "com.centaur-labs.est.uitests";
				SDKROOT = iphoneos;
				TARGETED_DEVICE_FAMILY = "1,2";
				TEST_TARGET_NAME = EST;
			};
			name = Debug;
		};
		D704FC1743748D2FFC0D3087 /* Debug */ = {
			isa = XCBuildConfiguration;
			buildSettings = {
				ALWAYS_SEARCH_USER_PATHS = NO;
				CLANG_ANALYZER_NONNULL = YES;
				CLANG_ANALYZER_NUMBER_OBJECT_CONVERSION = YES_AGGRESSIVE;
				CLANG_CXX_LANGUAGE_STANDARD = "gnu++14";
				CLANG_CXX_LIBRARY = "libc++";
				CLANG_ENABLE_MODULES = YES;
				CLANG_ENABLE_OBJC_ARC = YES;
				CLANG_ENABLE_OBJC_WEAK = YES;
				CLANG_WARN_BLOCK_CAPTURE_AUTORELEASING = YES;
				CLANG_WARN_BOOL_CONVERSION = YES;
				CLANG_WARN_COMMA = YES;
				CLANG_WARN_CONSTANT_CONVERSION = YES;
				CLANG_WARN_DEPRECATED_OBJC_IMPLEMENTATIONS = YES;
				CLANG_WARN_DIRECT_OBJC_ISA_USAGE = YES_ERROR;
				CLANG_WARN_DOCUMENTATION_COMMENTS = YES;
				CLANG_WARN_EMPTY_BODY = YES;
				CLANG_WARN_ENUM_CONVERSION = YES;
				CLANG_WARN_INFINITE_RECURSION = YES;
				CLANG_WARN_INT_CONVERSION = YES;
				CLANG_WARN_NON_LITERAL_NULL_CONVERSION = YES;
				CLANG_WARN_OBJC_IMPLICIT_RETAIN_SELF = YES;
				CLANG_WARN_OBJC_LITERAL_CONVERSION = YES;
				CLANG_WARN_OBJC_ROOT_CLASS = YES_ERROR;
				CLANG_WARN_QUOTED_INCLUDE_IN_FRAMEWORK_HEADER = YES;
				CLANG_WARN_RANGE_LOOP_ANALYSIS = YES;
				CLANG_WARN_STRICT_PROTOTYPES = YES;
				CLANG_WARN_SUSPICIOUS_MOVE = YES;
				CLANG_WARN_UNGUARDED_AVAILABILITY = YES_AGGRESSIVE;
				CLANG_WARN_UNREACHABLE_CODE = YES;
				CLANG_WARN__DUPLICATE_METHOD_MATCH = YES;
				CODE_SIGN_STYLE = Automatic;
				COPY_PHASE_STRIP = NO;
				DEBUG_INFORMATION_FORMAT = dwarf;
				ENABLE_STRICT_OBJC_MSGSEND = YES;
				ENABLE_TESTABILITY = YES;
				GCC_C_LANGUAGE_STANDARD = gnu11;
				GCC_DYNAMIC_NO_PIC = NO;
				GCC_NO_COMMON_BLOCKS = YES;
				GCC_OPTIMIZATION_LEVEL = 0;
				GCC_PREPROCESSOR_DEFINITIONS = (
					"$(inherited)",
					"DEBUG=1",
				);
				GCC_WARN_64_TO_32_BIT_CONVERSION = YES;
				GCC_WARN_ABOUT_RETURN_TYPE = YES_ERROR;
				GCC_WARN_UNDECLARED_SELECTOR = YES;
				GCC_WARN_UNINITIALIZED_AUTOS = YES_AGGRESSIVE;
				GCC_WARN_UNUSED_FUNCTION = YES;
				GCC_WARN_UNUSED_VARIABLE = YES;
				IPHONEOS_DEPLOYMENT_TARGET = 17.0;
				MTL_ENABLE_DEBUG_INFO = INCLUDE_SOURCE;
				MTL_FAST_MATH = YES;
				ONLY_ACTIVE_ARCH = YES;
				PRODUCT_NAME = "$(TARGET_NAME)";
				SDKROOT = iphoneos;
				SWIFT_ACTIVE_COMPILATION_CONDITIONS = DEBUG;
				SWIFT_OPTIMIZATION_LEVEL = "-Onone";
				SWIFT_VERSION = 5.9;
			};
			name = Debug;
		};
/* End XCBuildConfiguration section */

/* Begin XCConfigurationList section */
		60E995F4F5F67B35224E1417 /* Build configuration list for PBXNativeTarget "EST" */ = {
			isa = XCConfigurationList;
			buildConfigurations = (
				B1F9710A9741C629351F4142 /* Debug */,
				93E756EB37A61494CFE376EE /* Release */,
			);
			defaultConfigurationIsVisible = 0;
			defaultConfigurationName = Release;
		};
		6F3EC0DBF78083ED056AE681 /* Build configuration list for PBXNativeTarget "ESTUITests" */ = {
			isa = XCConfigurationList;
			buildConfigurations = (
				BE11DD19CAF4B01F70532145 /* Debug */,
				8F394728FD45B6A588DAE30A /* Release */,
			);
			defaultConfigurationIsVisible = 0;
			defaultConfigurationName = Release;
		};
		8666970CABBC9FE4B0036928 /* Build configuration list for PBXProject "EST" */ = {
			isa = XCConfigurationList;
			buildConfigurations = (
				D704FC1743748D2FFC0D3087 /* Debug */,
				27B62F3895FC37FE7005E970 /* Release */,
			);
			defaultConfigurationIsVisible = 0;
			defaultConfigurationName = Release;
		};
		CA81A38B557EC2C0F400182C /* Build configuration list for PBXNativeTarget "ESTTests" */ = {
			isa = XCConfigurationList;
			buildConfigurations = (
				244E7AC9D5E67E24F3183672 /* Debug */,
				5A2030964106519BEE4928BC /* Release */,
			);
			defaultConfigurationIsVisible = 0;
			defaultConfigurationName = Release;
		};
/* End XCConfigurationList section */

/* Begin XCLocalSwiftPackageReference section */
		51AF23CEA3613D17AFD415D6 /* XCLocalSwiftPackageReference "Packages/GameShell" */ = {
			isa = XCLocalSwiftPackageReference;
			relativePath = Packages/GameShell;
		};
		C66A4E0B4CB6D946A181472C /* XCLocalSwiftPackageReference "Packages/GridKit" */ = {
			isa = XCLocalSwiftPackageReference;
			relativePath = Packages/GridKit;
		};
/* End XCLocalSwiftPackageReference section */

/* Begin XCSwiftPackageProductDependency section */
		BDC72FF9BC0A7E4BCA44A678 /* GameShell */ = {
			isa = XCSwiftPackageProductDependency;
			productName = GameShell;
		};
		D0086D76F460C8F977F203BC /* GridKit */ = {
			isa = XCSwiftPackageProductDependency;
			productName = GridKit;
		};
/* End XCSwiftPackageProductDependency section */
	};
	rootObject = A008AEFD6655C9CF1835AB14 /* Project object */;
}
